
Microsoft Visual Studio Solution File, Format Version 12.00
# Visual Studio 15
VisualStudioVersion = 15.0.28010.2016
MinimumVisualStudioVersion = 10.0.40219.1
Project("{8BC9CEB8-8B4A-11D0-8D11-00A0C91BC942}") = "Linux2", "Linux2\Linux2.vcxproj", "{38DD4F54-4873-467B-9EFB-2E96D0CD16A6}"
EndProject
Global
	GlobalSection(SolutionConfigurationPlatforms) = preSolution
		Debug|ARM = Debug|ARM
		Debug|ARM64 = Debug|ARM64
		Debug|x64 = Debug|x64
		Debug|x86 = Debug|x86
		Release|ARM = Release|ARM
		Release|ARM64 = Release|ARM64
		Release|x64 = Release|x64
		Release|x86 = Release|x86
	EndGlobalSection
	GlobalSection(ProjectConfigurationPlatforms) = postSolution
		{38DD4F54-4873-467B-9EFB-2E96D0CD16A6}.Debug|ARM.ActiveCfg = Debug|ARM
		{38DD4F54-4873-467B-9EFB-2E96D0CD16A6}.Debug|ARM.Build.0 = Debug|ARM
		{38DD4F54-4873-467B-9EFB-2E96D0CD16A6}.Debug|ARM64.ActiveCfg = Debug|ARM64
		{38DD4F54-4873-467B-9EFB-2E96D0CD16A6}.Debug|ARM64.Build.0 = Debug|ARM64
		{38DD4F54-4873-467B-9EFB-2E96D0CD16A6}.Debug|x64.ActiveCfg = Debug|x64
		{38DD4F54-4873-467B-9EFB-2E96D0CD16A6}.Debug|x64.Build.0 = Debug|x64
		{38DD4F54-4873-467B-9EFB-2E96D0CD16A6}.Debug|x86.ActiveCfg = Debug|x86
		{38DD4F54-4873-467B-9EFB-2E96D0CD16A6}.Debug|x86.Build.0 = Debug|x86
		{38DD4F54-4873-467B-9EFB-2E96D0CD16A6}.Release|ARM.ActiveCfg = Release|ARM
		{38DD4F54-4873-467B-9EFB-2E96D0CD16A6}.Release|ARM.Build.0 = Release|ARM
		{38DD4F54-4873-467B-9EFB-2E96D0CD16A6}.Release|ARM64.ActiveCfg = Release|ARM64
		{38DD4F54-4873-467B-9EFB-2E96D0CD16A6}.Release|ARM64.Build.0 = Release|ARM64
		{38DD4F54-4873-467B-9EFB-2E96D0CD16A6}.Release|x64.ActiveCfg = Release|x64
		{38DD4F54-4873-467B-9EFB-2E96D0CD16A6}.Release|x64.Build.0 = Release|x64
		{38DD4F54-4873-467B-9EFB-2E96D0CD16A6}.Release|x86.ActiveCfg = Release|x86
		{38DD4F54-4873-467B-9EFB-2E96D0CD16A6}.Release|x86.Build.0 = Release|x86
	EndGlobalSection
	GlobalSection(SolutionProperties) = preSolution
		HideSolutionNode = FALSE
	EndGlobalSection
	GlobalSection(ExtensibilityGlobals) = postSolution
		SolutionGuid = {5FDBD1C2-DE83-4742-8EE3-1AB280E56EC6}
	EndGlobalSection
EndGlobal
