
Microsoft Visual Studio Solution File, Format Version 12.00
# Visual Studio 15
VisualStudioVersion = 15.0.28010.2016
MinimumVisualStudioVersion = 10.0.40219.1
Project("{8BC9CEB8-8B4A-11D0-8D11-00A0C91BC942}") = "ConsoleApplication2", "ConsoleApplication2\ConsoleApplication2.vcxproj", "{4034416B-12A9-4733-901A-98A7D8034321}"
EndProject
Global
	GlobalSection(SolutionConfigurationPlatforms) = preSolution
		Debug|x64 = Debug|x64
		Debug|x86 = Debug|x86
		Release|x64 = Release|x64
		Release|x86 = Release|x86
	EndGlobalSection
	GlobalSection(ProjectConfigurationPlatforms) = postSolution
		{4034416B-12A9-4733-901A-98A7D8034321}.Debug|x64.ActiveCfg = Debug|x64
		{4034416B-12A9-4733-901A-98A7D8034321}.Debug|x64.Build.0 = Debug|x64
		{4034416B-12A9-4733-901A-98A7D8034321}.Debug|x86.ActiveCfg = Debug|Win32
		{4034416B-12A9-4733-901A-98A7D8034321}.Debug|x86.Build.0 = Debug|Win32
		{4034416B-12A9-4733-901A-98A7D8034321}.Release|x64.ActiveCfg = Release|x64
		{4034416B-12A9-4733-901A-98A7D8034321}.Release|x64.Build.0 = Release|x64
		{4034416B-12A9-4733-901A-98A7D8034321}.Release|x86.ActiveCfg = Release|Win32
		{4034416B-12A9-4733-901A-98A7D8034321}.Release|x86.Build.0 = Release|Win32
	EndGlobalSection
	GlobalSection(SolutionProperties) = preSolution
		HideSolutionNode = FALSE
	EndGlobalSection
	GlobalSection(ExtensibilityGlobals) = postSolution
		SolutionGuid = {50CBF09C-D44E-4093-842D-6849E599D081}
	EndGlobalSection
EndGlobal
